
Microsoft Visual Studio Solution File, Format Version 12.00
# Visual Studio Version 17
VisualStudioVersion = 17.9.34728.123
MinimumVisualStudioVersion = 10.0.40219.1
Project("{FAE04EC0-301F-11D3-BF4B-00C04F79EFBC}") = "BankingApp", "BankingApp\BankingApp.csproj", "{35795ABF-FDDE-4708-BA3F-0F4F5AE4D41D}"
EndProject
Project("{FAE04EC0-301F-11D3-BF4B-00C04F79EFBC}") = "BankingApp.Tests", "BankingApp.Tests\BankingApp.Tests.csproj", "{268AFC9A-CE47-4167-9400-9708F2A6D6BA}"
EndProject
Global
	GlobalSection(SolutionConfigurationPlatforms) = preSolution
		Debug|Any CPU = Debug|Any CPU
		Release|Any CPU = Release|Any CPU
	EndGlobalSection
	GlobalSection(ProjectConfigurationPlatforms) = postSolution
		{35795ABF-FDDE-4708-BA3F-0F4F5AE4D41D}.Debug|Any CPU.ActiveCfg = Debug|Any CPU
		{35795ABF-FDDE-4708-BA3F-0F4F5AE4D41D}.Debug|Any CPU.Build.0 = Debug|Any CPU
		{35795ABF-FDDE-4708-BA3F-0F4F5AE4D41D}.Release|Any CPU.ActiveCfg = Release|Any CPU
		{35795ABF-FDDE-4708-BA3F-0F4F5AE4D41D}.Release|Any CPU.Build.0 = Release|Any CPU
		{268AFC9A-CE47-4167-9400-9708F2A6D6BA}.Debug|Any CPU.ActiveCfg = Debug|Any CPU
		{268AFC9A-CE47-4167-9400-9708F2A6D6BA}.Debug|Any CPU.Build.0 = Debug|Any CPU
		{268AFC9A-CE47-4167-9400-9708F2A6D6BA}.Release|Any CPU.ActiveCfg = Release|Any CPU
		{268AFC9A-CE47-4167-9400-9708F2A6D6BA}.Release|Any CPU.Build.0 = Release|Any CPU
	EndGlobalSection
	GlobalSection(SolutionProperties) = preSolution
		HideSolutionNode = FALSE
	EndGlobalSection
	GlobalSection(ExtensibilityGlobals) = postSolution
		SolutionGuid = {D5343DC1-E49F-42DF-8E5D-D3749D760623}
	EndGlobalSection
EndGlobal
